import React from 'react';
import { 
  AreaChart, 
  Area, 
  XAxis, 
  YAxis, 
  CartesianGrid, 
  Tooltip, 
  ResponsiveContainer,
  TooltipProps
} from 'recharts';
import { TrendingUp, ArrowUpRight, Calendar } from 'lucide-react';
import { Card, CardContent, CardHeader, CardTitle, CardDescription } from '@/components/ui/card'; // Assuming standard shadcn paths

// 1. Mock Data (Professional Tip: Use consistent intervals)
const data = [
  { name: 'Jan', revenue: 4000, visitors: 2400 },
  { name: 'Feb', revenue: 3000, visitors: 1398 },
  { name: 'Mar', revenue: 2000, visitors: 9800 },
  { name: 'Apr', revenue: 2780, visitors: 3908 },
  { name: 'May', revenue: 1890, visitors: 4800 },
  { name: 'Jun', revenue: 2390, visitors: 3800 },
  { name: 'Jul', revenue: 3490, visitors: 4300 },
];

// 2. Custom Tooltip for a "Clean" look
const CustomTooltip = ({ active, payload, label }: TooltipProps<number, string>) => {
  if (active && payload && payload.length) {
    return (
      <div className="bg-background/95 border border-border p-3 rounded-lg shadow-xl backdrop-blur-sm">
        <p className="font-semibold mb-1">{label}</p>
        <div className="flex items-center gap-2 text-sm text-primary">
          <span className="w-2 h-2 rounded-full bg-indigo-500" />
          <span>Revenue: ${payload[0].value?.toLocaleString()}</span>
        </div>
      </div>
    );
  }
  return null;
};

const RevenueChart = () => {
  return (
    <div className="p-4 flex justify-center items-center bg-slate-50/50 min-h-[400px]">
      {/* Container Card */}
      <Card className="w-full max-w-3xl shadow-sm hover:shadow-md transition-shadow duration-300">
        
        {/* Header Section */}
        <CardHeader className="flex flex-row items-center justify-between space-y-0 pb-7">
          <div className="space-y-1">
            <CardTitle className="text-2xl font-bold tracking-tight">
              Revenue Growth
            </CardTitle>
            <CardDescription className="flex items-center gap-2 text-muted-foreground">
              <Calendar className="h-4 w-4" />
              <span>Jan - Jul 2024</span>
            </CardDescription>
          </div>
          <div className="flex flex-col items-end">
            <div className="flex items-center gap-1 text-emerald-600 bg-emerald-50 px-3 py-1 rounded-full text-sm font-medium">
              <TrendingUp className="h-4 w-4" />
              <span>+12.5%</span>
            </div>
            <span className="text-xs text-muted-foreground mt-1">vs. last period</span>
          </div>
        </CardHeader>

        {/* Graphics Section */}
        <CardContent>
          <div className="h-[300px] w-full">
            <ResponsiveContainer width="100%" height="100%">
              <AreaChart
                data={data}
                margin={{ top: 10, right: 30, left: 0, bottom: 0 }}
              >
                {/* Gradient Definition for "Professional" Polish */}
                <defs>
                  <linearGradient id="colorRevenue" x1="0" y1="0" x2="0" y2="1">
                    <stop offset="5%" stopColor="#6366f1" stopOpacity={0.3}/>
                    <stop offset="95%" stopColor="#6366f1" stopOpacity={0}/>
                  </linearGradient>
                </defs>

                <CartesianGrid strokeDasharray="3 3" vertical={false} stroke="#e5e7eb" />
                
                <XAxis 
                  dataKey="name" 
                  axisLine={false} 
                  tickLine={false} 
                  tick={{ fill: '#6b7280', fontSize: 12 }} 
                  dy={10}
                />
                
                <YAxis 
                  axisLine={false} 
                  tickLine={false} 
                  tick={{ fill: '#6b7280', fontSize: 12 }} 
                  tickFormatter={(value) => `$${value}`} 
                />
                
                <Tooltip content={<CustomTooltip />} cursor={{ stroke: '#6366f1', strokeWidth: 1 }} />
                
                <Area 
                  type="monotone" 
                  dataKey="revenue" 
                  stroke="#6366f1" 
                  strokeWidth={3}
                  fillOpacity={1} 
                  fill="url(#colorRevenue)" 
                  animationDuration={1500}
                />
              </AreaChart>
            </ResponsiveContainer>
          </div>

          {/* Footer / Insights */}
          <div className="mt-4 pt-4 border-t flex justify-between items-center text-sm">
            <div className="text-muted-foreground">
              Total Revenue: <span className="font-bold text-foreground">$19,550</span>
            </div>
            <button className="flex items-center gap-1 text-indigo-600 hover:text-indigo-700 font-medium transition-colors">
              View Report <ArrowUpRight className="h-4 w-4" />
            </button>
          </div>
        </CardContent>
      </Card>
    </div>
  );
};

export default RevenueChart;
